
Microsoft Visual Studio Solution File, Format Version 12.00
# Visual Studio 15
VisualStudioVersion = 15.0.28307.438
MinimumVisualStudioVersion = 10.0.40219.1
Project("{9A19103F-16F7-4668-BE54-9A1E7A4F7556}") = "Chapter03.更多数据类型", "Src\Chapter03.更多数据类型\Chapter03.更多数据类型.csproj", "{278E45E5-4312-4E07-890D-D16C487549EB}"
EndProject
Project("{FAE04EC0-301F-11D3-BF4B-00C04F79EFBC}") = "Chapter03.更多数据类型.Test", "Src\Chapter03.更多数据类型.Test\Chapter03.更多数据类型.Test.csproj", "{2BA16AA4-B009-4962-A600-81B09B81D4EF}"
EndProject
Global
	GlobalSection(SolutionConfigurationPlatforms) = preSolution
		Debug|Any CPU = Debug|Any CPU
		Release|Any CPU = Release|Any CPU
	EndGlobalSection
	GlobalSection(ProjectConfigurationPlatforms) = postSolution
		{278E45E5-4312-4E07-890D-D16C487549EB}.Debug|Any CPU.ActiveCfg = Debug|Any CPU
		{278E45E5-4312-4E07-890D-D16C487549EB}.Debug|Any CPU.Build.0 = Debug|Any CPU
		{278E45E5-4312-4E07-890D-D16C487549EB}.Release|Any CPU.ActiveCfg = Release|Any CPU
		{278E45E5-4312-4E07-890D-D16C487549EB}.Release|Any CPU.Build.0 = Release|Any CPU
		{2BA16AA4-B009-4962-A600-81B09B81D4EF}.Debug|Any CPU.ActiveCfg = Debug|Any CPU
		{2BA16AA4-B009-4962-A600-81B09B81D4EF}.Debug|Any CPU.Build.0 = Debug|Any CPU
		{2BA16AA4-B009-4962-A600-81B09B81D4EF}.Release|Any CPU.ActiveCfg = Release|Any CPU
		{2BA16AA4-B009-4962-A600-81B09B81D4EF}.Release|Any CPU.Build.0 = Release|Any CPU
	EndGlobalSection
	GlobalSection(SolutionConfigurationPlatforms) = preSolution
		Debug|Any CPU = Debug|Any CPU
		Release|Any CPU = Release|Any CPU
	EndGlobalSection
	GlobalSection(ProjectConfigurationPlatforms) = postSolution
		{F7D8C5B8-14E2-4419-B8C5-7A093D5A46B4}.Debug|Any CPU.ActiveCfg = Debug|Any CPU
		{F7D8C5B8-14E2-4419-B8C5-7A093D5A46B4}.Debug|Any CPU.Build.0 = Debug|Any CPU
		{F7D8C5B8-14E2-4419-B8C5-7A093D5A46B4}.Release|Any CPU.ActiveCfg = Release|Any CPU
		{F7D8C5B8-14E2-4419-B8C5-7A093D5A46B4}.Release|Any CPU.Build.0 = Release|Any CPU
		{116B0842-A6F2-44E0-BCF2-57E86E57A235}.Debug|Any CPU.ActiveCfg = Debug|Any CPU
		{116B0842-A6F2-44E0-BCF2-57E86E57A235}.Debug|Any CPU.Build.0 = Debug|Any CPU
		{116B0842-A6F2-44E0-BCF2-57E86E57A235}.Release|Any CPU.ActiveCfg = Release|Any CPU
		{116B0842-A6F2-44E0-BCF2-57E86E57A235}.Release|Any CPU.Build.0 = Release|Any CPU
	EndGlobalSection
	GlobalSection(SolutionConfigurationPlatforms) = preSolution
		Debug|Any CPU = Debug|Any CPU
		Release|Any CPU = Release|Any CPU
	EndGlobalSection
	GlobalSection(ProjectConfigurationPlatforms) = postSolution
		{66F93914-C6E5-4C23-9038-A346EFDAEEC5}.Debug|Any CPU.ActiveCfg = Debug|Any CPU
		{66F93914-C6E5-4C23-9038-A346EFDAEEC5}.Debug|Any CPU.Build.0 = Debug|Any CPU
		{66F93914-C6E5-4C23-9038-A346EFDAEEC5}.Release|Any CPU.ActiveCfg = Release|Any CPU
		{66F93914-C6E5-4C23-9038-A346EFDAEEC5}.Release|Any CPU.Build.0 = Release|Any CPU
		{695290D9-3ADE-4415-862C-D06096AE6349}.Debug|Any CPU.ActiveCfg = Debug|Any CPU
		{695290D9-3ADE-4415-862C-D06096AE6349}.Debug|Any CPU.Build.0 = Debug|Any CPU
		{695290D9-3ADE-4415-862C-D06096AE6349}.Release|Any CPU.ActiveCfg = Release|Any CPU
		{695290D9-3ADE-4415-862C-D06096AE6349}.Release|Any CPU.Build.0 = Release|Any CPU
	EndGlobalSection
	GlobalSection(SolutionProperties) = preSolution
		HideSolutionNode = FALSE
	EndGlobalSection
	GlobalSection(ExtensibilityGlobals) = postSolution
		SolutionGuid = {F4BA262F-BE65-4182-8D45-3B70D092757B}
	EndGlobalSection
EndGlobal
